// !$*UTF8*$!
{
	archiveVersion = 1;
	classes = {
	};
	objectVersion = 56;
	objects = {

/* Begin PBXBuildFile section */
		3F23C4DC2BF1A3620028A52E /* AppDelegate.swift in Sources */ = {isa = PBXBuildFile; fileRef = 3F23C4DB2BF1A3620028A52E /* AppDelegate.swift */; };
		3F23C4DE2BF1A3620028A52E /* SceneDelegate.swift in Sources */ = {isa = PBXBuildFile; fileRef = 3F23C4DD2BF1A3620028A52E /* SceneDelegate.swift */; };
		3F23C4E02BF1A3620028A52E /* RMTabBarController.swift in Sources */ = {isa = PBXBuildFile; fileRef = 3F23C4DF2BF1A3620028A52E /* RMTabBarController.swift */; };
		3F23C4E52BF1A3630028A52E /* Assets.xcassets in Resources */ = {isa = PBXBuildFile; fileRef = 3F23C4E42BF1A3630028A52E /* Assets.xcassets */; };
		3F23C4E82BF1A3630028A52E /* Base in Resources */ = {isa = PBXBuildFile; fileRef = 3F23C4E72BF1A3630028A52E /* Base */; };
		3F23C4F32BF1A3630028A52E /* RickAndMortyDexTests.swift in Sources */ = {isa = PBXBuildFile; fileRef = 3F23C4F22BF1A3630028A52E /* RickAndMortyDexTests.swift */; };
		3F23C4FD2BF1A3630028A52E /* RickAndMortyDexUITests.swift in Sources */ = {isa = PBXBuildFile; fileRef = 3F23C4FC2BF1A3630028A52E /* RickAndMortyDexUITests.swift */; };
		3F23C4FF2BF1A3630028A52E /* RickAndMortyDexUITestsLaunchTests.swift in Sources */ = {isa = PBXBuildFile; fileRef = 3F23C4FE2BF1A3630028A52E /* RickAndMortyDexUITestsLaunchTests.swift */; };
		3F23C5122BF1A7C40028A52E /* RMCharacter.swift in Sources */ = {isa = PBXBuildFile; fileRef = 3F23C5112BF1A7C40028A52E /* RMCharacter.swift */; };
		3F23C5142BF1A7DF0028A52E /* RMEpisode.swift in Sources */ = {isa = PBXBuildFile; fileRef = 3F23C5132BF1A7DF0028A52E /* RMEpisode.swift */; };
		3F23C5162BF1A7F40028A52E /* RMLocation.swift in Sources */ = {isa = PBXBuildFile; fileRef = 3F23C5152BF1A7F40028A52E /* RMLocation.swift */; };
		3F23C5192BF1A8A00028A52E /* RMCharacterViewController.swift in Sources */ = {isa = PBXBuildFile; fileRef = 3F23C5182BF1A8A00028A52E /* RMCharacterViewController.swift */; };
		3F23C51B2BF1A8B60028A52E /* RMLocationViewController.swift in Sources */ = {isa = PBXBuildFile; fileRef = 3F23C51A2BF1A8B60028A52E /* RMLocationViewController.swift */; };
		3F23C51D2BF1A8C70028A52E /* RMEpisodeViewController.swift in Sources */ = {isa = PBXBuildFile; fileRef = 3F23C51C2BF1A8C70028A52E /* RMEpisodeViewController.swift */; };
		3F23C51F2BF1A9040028A52E /* RMSettingsViewController.swift in Sources */ = {isa = PBXBuildFile; fileRef = 3F23C51E2BF1A9040028A52E /* RMSettingsViewController.swift */; };
		3F23C5212BF1B2510028A52E /* RMService.swift in Sources */ = {isa = PBXBuildFile; fileRef = 3F23C5202BF1B2510028A52E /* RMService.swift */; };
		3F23C5232BF1B2710028A52E /* RMRequest.swift in Sources */ = {isa = PBXBuildFile; fileRef = 3F23C5222BF1B2710028A52E /* RMRequest.swift */; };
		3F23C5252BF1B3D80028A52E /* RMEndPoint.swift in Sources */ = {isa = PBXBuildFile; fileRef = 3F23C5242BF1B3D80028A52E /* RMEndPoint.swift */; };
/* End PBXBuildFile section */

/* Begin PBXContainerItemProxy section */
		3F23C4EF2BF1A3630028A52E /* PBXContainerItemProxy */ = {
			isa = PBXContainerItemProxy;
			containerPortal = 3F23C4D02BF1A3620028A52E /* Project object */;
			proxyType = 1;
			remoteGlobalIDString = 3F23C4D72BF1A3620028A52E;
			remoteInfo = RickAndMortyDex;
		};
		3F23C4F92BF1A3630028A52E /* PBXContainerItemProxy */ = {
			isa = PBXContainerItemProxy;
			containerPortal = 3F23C4D02BF1A3620028A52E /* Project object */;
			proxyType = 1;
			remoteGlobalIDString = 3F23C4D72BF1A3620028A52E;
			remoteInfo = RickAndMortyDex;
		};
/* End PBXContainerItemProxy section */

/* Begin PBXFileReference section */
		3F23C4D82BF1A3620028A52E /* RickAndMortyDex.app */ = {isa = PBXFileReference; explicitFileType = wrapper.application; includeInIndex = 0; path = RickAndMortyDex.app; sourceTree = BUILT_PRODUCTS_DIR; };
		3F23C4DB2BF1A3620028A52E /* AppDelegate.swift */ = {isa = PBXFileReference; lastKnownFileType = sourcecode.swift; path = AppDelegate.swift; sourceTree = "<group>"; };
		3F23C4DD2BF1A3620028A52E /* SceneDelegate.swift */ = {isa = PBXFileReference; lastKnownFileType = sourcecode.swift; path = SceneDelegate.swift; sourceTree = "<group>"; };
		3F23C4DF2BF1A3620028A52E /* RMTabBarController.swift */ = {isa = PBXFileReference; lastKnownFileType = sourcecode.swift; path = RMTabBarController.swift; sourceTree = "<group>"; };
		3F23C4E42BF1A3630028A52E /* Assets.xcassets */ = {isa = PBXFileReference; lastKnownFileType = folder.assetcatalog; path = Assets.xcassets; sourceTree = "<group>"; };
		3F23C4E72BF1A3630028A52E /* Base */ = {isa = PBXFileReference; lastKnownFileType = file.storyboard; name = Base; path = Base.lproj/LaunchScreen.storyboard; sourceTree = "<group>"; };
		3F23C4E92BF1A3630028A52E /* Info.plist */ = {isa = PBXFileReference; lastKnownFileType = text.plist.xml; path = Info.plist; sourceTree = "<group>"; };
		3F23C4EE2BF1A3630028A52E /* RickAndMortyDexTests.xctest */ = {isa = PBXFileReference; explicitFileType = wrapper.cfbundle; includeInIndex = 0; path = RickAndMortyDexTests.xctest; sourceTree = BUILT_PRODUCTS_DIR; };
		3F23C4F22BF1A3630028A52E /* RickAndMortyDexTests.swift */ = {isa = PBXFileReference; lastKnownFileType = sourcecode.swift; path = RickAndMortyDexTests.swift; sourceTree = "<group>"; };
		3F23C4F82BF1A3630028A52E /* RickAndMortyDexUITests.xctest */ = {isa = PBXFileReference; explicitFileType = wrapper.cfbundle; includeInIndex = 0; path = RickAndMortyDexUITests.xctest; sourceTree = BUILT_PRODUCTS_DIR; };
		3F23C4FC2BF1A3630028A52E /* RickAndMortyDexUITests.swift */ = {isa = PBXFileReference; lastKnownFileType = sourcecode.swift; path = RickAndMortyDexUITests.swift; sourceTree = "<group>"; };
		3F23C4FE2BF1A3630028A52E /* RickAndMortyDexUITestsLaunchTests.swift */ = {isa = PBXFileReference; lastKnownFileType = sourcecode.swift; path = RickAndMortyDexUITestsLaunchTests.swift; sourceTree = "<group>"; };
		3F23C5112BF1A7C40028A52E /* RMCharacter.swift */ = {isa = PBXFileReference; lastKnownFileType = sourcecode.swift; path = RMCharacter.swift; sourceTree = "<group>"; };
		3F23C5132BF1A7DF0028A52E /* RMEpisode.swift */ = {isa = PBXFileReference; lastKnownFileType = sourcecode.swift; path = RMEpisode.swift; sourceTree = "<group>"; };
		3F23C5152BF1A7F40028A52E /* RMLocation.swift */ = {isa = PBXFileReference; lastKnownFileType = sourcecode.swift; path = RMLocation.swift; sourceTree = "<group>"; };
		3F23C5182BF1A8A00028A52E /* RMCharacterViewController.swift */ = {isa = PBXFileReference; lastKnownFileType = sourcecode.swift; path = RMCharacterViewController.swift; sourceTree = "<group>"; };
		3F23C51A2BF1A8B60028A52E /* RMLocationViewController.swift */ = {isa = PBXFileReference; lastKnownFileType = sourcecode.swift; path = RMLocationViewController.swift; sourceTree = "<group>"; };
		3F23C51C2BF1A8C70028A52E /* RMEpisodeViewController.swift */ = {isa = PBXFileReference; lastKnownFileType = sourcecode.swift; path = RMEpisodeViewController.swift; sourceTree = "<group>"; };
		3F23C51E2BF1A9040028A52E /* RMSettingsViewController.swift */ = {isa = PBXFileReference; lastKnownFileType = sourcecode.swift; path = RMSettingsViewController.swift; sourceTree = "<group>"; };
		3F23C5202BF1B2510028A52E /* RMService.swift */ = {isa = PBXFileReference; lastKnownFileType = sourcecode.swift; path = RMService.swift; sourceTree = "<group>"; };
		3F23C5222BF1B2710028A52E /* RMRequest.swift */ = {isa = PBXFileReference; lastKnownFileType = sourcecode.swift; path = RMRequest.swift; sourceTree = "<group>"; };
		3F23C5242BF1B3D80028A52E /* RMEndPoint.swift */ = {isa = PBXFileReference; lastKnownFileType = sourcecode.swift; path = RMEndPoint.swift; sourceTree = "<group>"; };
/* End PBXFileReference section */

/* Begin PBXFrameworksBuildPhase section */
		3F23C4D52BF1A3620028A52E /* Frameworks */ = {
			isa = PBXFrameworksBuildPhase;
			buildActionMask = 2147483647;
			files = (
			);
			runOnlyForDeploymentPostprocessing = 0;
		};
		3F23C4EB2BF1A3630028A52E /* Frameworks */ = {
			isa = PBXFrameworksBuildPhase;
			buildActionMask = 2147483647;
			files = (
			);
			runOnlyForDeploymentPostprocessing = 0;
		};
		3F23C4F52BF1A3630028A52E /* Frameworks */ = {
			isa = PBXFrameworksBuildPhase;
			buildActionMask = 2147483647;
			files = (
			);
			runOnlyForDeploymentPostprocessing = 0;
		};
/* End PBXFrameworksBuildPhase section */

/* Begin PBXGroup section */
		3F23C4CF2BF1A3620028A52E = {
			isa = PBXGroup;
			children = (
				3F23C4DA2BF1A3620028A52E /* RickAndMortyDex */,
				3F23C4F12BF1A3630028A52E /* RickAndMortyDexTests */,
				3F23C4FB2BF1A3630028A52E /* RickAndMortyDexUITests */,
				3F23C4D92BF1A3620028A52E /* Products */,
			);
			sourceTree = "<group>";
		};
		3F23C4D92BF1A3620028A52E /* Products */ = {
			isa = PBXGroup;
			children = (
				3F23C4D82BF1A3620028A52E /* RickAndMortyDex.app */,
				3F23C4EE2BF1A3630028A52E /* RickAndMortyDexTests.xctest */,
				3F23C4F82BF1A3630028A52E /* RickAndMortyDexUITests.xctest */,
			);
			name = Products;
			sourceTree = "<group>";
		};
		3F23C4DA2BF1A3620028A52E /* RickAndMortyDex */ = {
			isa = PBXGroup;
			children = (
				3F23C5102BF1A6DA0028A52E /* Resources */,
				3F23C50F2BF1A6CC0028A52E /* Managers */,
				3F23C50E2BF1A6AB0028A52E /* APICient */,
				3F23C50D2BF1A6A10028A52E /* Views */,
				3F23C50C2BF1A6960028A52E /* Models */,
				3F23C50B2BF1A68A0028A52E /* Controllers */,
				3F23C4E92BF1A3630028A52E /* Info.plist */,
			);
			path = RickAndMortyDex;
			sourceTree = "<group>";
		};
		3F23C4F12BF1A3630028A52E /* RickAndMortyDexTests */ = {
			isa = PBXGroup;
			children = (
				3F23C4F22BF1A3630028A52E /* RickAndMortyDexTests.swift */,
			);
			path = RickAndMortyDexTests;
			sourceTree = "<group>";
		};
		3F23C4FB2BF1A3630028A52E /* RickAndMortyDexUITests */ = {
			isa = PBXGroup;
			children = (
				3F23C4FC2BF1A3630028A52E /* RickAndMortyDexUITests.swift */,
				3F23C4FE2BF1A3630028A52E /* RickAndMortyDexUITestsLaunchTests.swift */,
			);
			path = RickAndMortyDexUITests;
			sourceTree = "<group>";
		};
		3F23C50B2BF1A68A0028A52E /* Controllers */ = {
			isa = PBXGroup;
			children = (
				3F23C5172BF1A85E0028A52E /* Core */,
			);
			path = Controllers;
			sourceTree = "<group>";
		};
		3F23C50C2BF1A6960028A52E /* Models */ = {
			isa = PBXGroup;
			children = (
				3F23C5112BF1A7C40028A52E /* RMCharacter.swift */,
				3F23C5132BF1A7DF0028A52E /* RMEpisode.swift */,
				3F23C5152BF1A7F40028A52E /* RMLocation.swift */,
			);
			path = Models;
			sourceTree = "<group>";
		};
		3F23C50D2BF1A6A10028A52E /* Views */ = {
			isa = PBXGroup;
			children = (
			);
			path = Views;
			sourceTree = "<group>";
		};
		3F23C50E2BF1A6AB0028A52E /* APICient */ = {
			isa = PBXGroup;
			children = (
				3F23C5202BF1B2510028A52E /* RMService.swift */,
				3F23C5222BF1B2710028A52E /* RMRequest.swift */,
				3F23C5242BF1B3D80028A52E /* RMEndPoint.swift */,
			);
			path = APICient;
			sourceTree = "<group>";
		};
		3F23C50F2BF1A6CC0028A52E /* Managers */ = {
			isa = PBXGroup;
			children = (
			);
			path = Managers;
			sourceTree = "<group>";
		};
		3F23C5102BF1A6DA0028A52E /* Resources */ = {
			isa = PBXGroup;
			children = (
				3F23C4E42BF1A3630028A52E /* Assets.xcassets */,
				3F23C4E62BF1A3630028A52E /* LaunchScreen.storyboard */,
				3F23C4DB2BF1A3620028A52E /* AppDelegate.swift */,
				3F23C4DD2BF1A3620028A52E /* SceneDelegate.swift */,
			);
			path = Resources;
			sourceTree = "<group>";
		};
		3F23C5172BF1A85E0028A52E /* Core */ = {
			isa = PBXGroup;
			children = (
				3F23C51C2BF1A8C70028A52E /* RMEpisodeViewController.swift */,
				3F23C5182BF1A8A00028A52E /* RMCharacterViewController.swift */,
				3F23C51A2BF1A8B60028A52E /* RMLocationViewController.swift */,
				3F23C51E2BF1A9040028A52E /* RMSettingsViewController.swift */,
				3F23C4DF2BF1A3620028A52E /* RMTabBarController.swift */,
			);
			path = Core;
			sourceTree = "<group>";
		};
/* End PBXGroup section */

/* Begin PBXNativeTarget section */
		3F23C4D72BF1A3620028A52E /* RickAndMortyDex */ = {
			isa = PBXNativeTarget;
			buildConfigurationList = 3F23C5022BF1A3630028A52E /* Build configuration list for PBXNativeTarget "RickAndMortyDex" */;
			buildPhases = (
				3F23C4D42BF1A3620028A52E /* Sources */,
				3F23C4D52BF1A3620028A52E /* Frameworks */,
				3F23C4D62BF1A3620028A52E /* Resources */,
			);
			buildRules = (
			);
			dependencies = (
			);
			name = RickAndMortyDex;
			productName = RickAndMortyDex;
			productReference = 3F23C4D82BF1A3620028A52E /* RickAndMortyDex.app */;
			productType = "com.apple.product-type.application";
		};
		3F23C4ED2BF1A3630028A52E /* RickAndMortyDexTests */ = {
			isa = PBXNativeTarget;
			buildConfigurationList = 3F23C5052BF1A3630028A52E /* Build configuration list for PBXNativeTarget "RickAndMortyDexTests" */;
			buildPhases = (
				3F23C4EA2BF1A3630028A52E /* Sources */,
				3F23C4EB2BF1A3630028A52E /* Frameworks */,
				3F23C4EC2BF1A3630028A52E /* Resources */,
			);
			buildRules = (
			);
			dependencies = (
				3F23C4F02BF1A3630028A52E /* PBXTargetDependency */,
			);
			name = RickAndMortyDexTests;
			productName = RickAndMortyDexTests;
			productReference = 3F23C4EE2BF1A3630028A52E /* RickAndMortyDexTests.xctest */;
			productType = "com.apple.product-type.bundle.unit-test";
		};
		3F23C4F72BF1A3630028A52E /* RickAndMortyDexUITests */ = {
			isa = PBXNativeTarget;
			buildConfigurationList = 3F23C5082BF1A3630028A52E /* Build configuration list for PBXNativeTarget "RickAndMortyDexUITests" */;
			buildPhases = (
				3F23C4F42BF1A3630028A52E /* Sources */,
				3F23C4F52BF1A3630028A52E /* Frameworks */,
				3F23C4F62BF1A3630028A52E /* Resources */,
			);
			buildRules = (
			);
			dependencies = (
				3F23C4FA2BF1A3630028A52E /* PBXTargetDependency */,
			);
			name = RickAndMortyDexUITests;
			productName = RickAndMortyDexUITests;
			productReference = 3F23C4F82BF1A3630028A52E /* RickAndMortyDexUITests.xctest */;
			productType = "com.apple.product-type.bundle.ui-testing";
		};
/* End PBXNativeTarget section */

/* Begin PBXProject section */
		3F23C4D02BF1A3620028A52E /* Project object */ = {
			isa = PBXProject;
			attributes = {
				BuildIndependentTargetsInParallel = 1;
				LastSwiftUpdateCheck = 1530;
				LastUpgradeCheck = 1530;
				TargetAttributes = {
					3F23C4D72BF1A3620028A52E = {
						CreatedOnToolsVersion = 15.3;
					};
					3F23C4ED2BF1A3630028A52E = {
						CreatedOnToolsVersion = 15.3;
						TestTargetID = 3F23C4D72BF1A3620028A52E;
					};
					3F23C4F72BF1A3630028A52E = {
						CreatedOnToolsVersion = 15.3;
						TestTargetID = 3F23C4D72BF1A3620028A52E;
					};
				};
			};
			buildConfigurationList = 3F23C4D32BF1A3620028A52E /* Build configuration list for PBXProject "RickAndMortyDex" */;
			compatibilityVersion = "Xcode 14.0";
			developmentRegion = en;
			hasScannedForEncodings = 0;
			knownRegions = (
				en,
				Base,
			);
			mainGroup = 3F23C4CF2BF1A3620028A52E;
			productRefGroup = 3F23C4D92BF1A3620028A52E /* Products */;
			projectDirPath = "";
			projectRoot = "";
			targets = (
				3F23C4D72BF1A3620028A52E /* RickAndMortyDex */,
				3F23C4ED2BF1A3630028A52E /* RickAndMortyDexTests */,
				3F23C4F72BF1A3630028A52E /* RickAndMortyDexUITests */,
			);
		};
/* End PBXProject section */

/* Begin PBXResourcesBuildPhase section */
		3F23C4D62BF1A3620028A52E /* Resources */ = {
			isa = PBXResourcesBuildPhase;
			buildActionMask = 2147483647;
			files = (
				3F23C4E52BF1A3630028A52E /* Assets.xcassets in Resources */,
				3F23C4E82BF1A3630028A52E /* Base in Resources */,
			);
			runOnlyForDeploymentPostprocessing = 0;
		};
		3F23C4EC2BF1A3630028A52E /* Resources */ = {
			isa = PBXResourcesBuildPhase;
			buildActionMask = 2147483647;
			files = (
			);
			runOnlyForDeploymentPostprocessing = 0;
		};
		3F23C4F62BF1A3630028A52E /* Resources */ = {
			isa = PBXResourcesBuildPhase;
			buildActionMask = 2147483647;
			files = (
			);
			runOnlyForDeploymentPostprocessing = 0;
		};
/* End PBXResourcesBuildPhase section */

/* Begin PBXSourcesBuildPhase section */
		3F23C4D42BF1A3620028A52E /* Sources */ = {
			isa = PBXSourcesBuildPhase;
			buildActionMask = 2147483647;
			files = (
				3F23C51B2BF1A8B60028A52E /* RMLocationViewController.swift in Sources */,
				3F23C5122BF1A7C40028A52E /* RMCharacter.swift in Sources */,
				3F23C5162BF1A7F40028A52E /* RMLocation.swift in Sources */,
				3F23C51D2BF1A8C70028A52E /* RMEpisodeViewController.swift in Sources */,
				3F23C4E02BF1A3620028A52E /* RMTabBarController.swift in Sources */,
				3F23C5142BF1A7DF0028A52E /* RMEpisode.swift in Sources */,
				3F23C51F2BF1A9040028A52E /* RMSettingsViewController.swift in Sources */,
				3F23C5252BF1B3D80028A52E /* RMEndPoint.swift in Sources */,
				3F23C5212BF1B2510028A52E /* RMService.swift in Sources */,
				3F23C4DC2BF1A3620028A52E /* AppDelegate.swift in Sources */,
				3F23C4DE2BF1A3620028A52E /* SceneDelegate.swift in Sources */,
				3F23C5232BF1B2710028A52E /* RMRequest.swift in Sources */,
				3F23C5192BF1A8A00028A52E /* RMCharacterViewController.swift in Sources */,
			);
			runOnlyForDeploymentPostprocessing = 0;
		};
		3F23C4EA2BF1A3630028A52E /* Sources */ = {
			isa = PBXSourcesBuildPhase;
			buildActionMask = 2147483647;
			files = (
				3F23C4F32BF1A3630028A52E /* RickAndMortyDexTests.swift in Sources */,
			);
			runOnlyForDeploymentPostprocessing = 0;
		};
		3F23C4F42BF1A3630028A52E /* Sources */ = {
			isa = PBXSourcesBuildPhase;
			buildActionMask = 2147483647;
			files = (
				3F23C4FD2BF1A3630028A52E /* RickAndMortyDexUITests.swift in Sources */,
				3F23C4FF2BF1A3630028A52E /* RickAndMortyDexUITestsLaunchTests.swift in Sources */,
			);
			runOnlyForDeploymentPostprocessing = 0;
		};
/* End PBXSourcesBuildPhase section */

/* Begin PBXTargetDependency section */
		3F23C4F02BF1A3630028A52E /* PBXTargetDependency */ = {
			isa = PBXTargetDependency;
			target = 3F23C4D72BF1A3620028A52E /* RickAndMortyDex */;
			targetProxy = 3F23C4EF2BF1A3630028A52E /* PBXContainerItemProxy */;
		};
		3F23C4FA2BF1A3630028A52E /* PBXTargetDependency */ = {
			isa = PBXTargetDependency;
			target = 3F23C4D72BF1A3620028A52E /* RickAndMortyDex */;
			targetProxy = 3F23C4F92BF1A3630028A52E /* PBXContainerItemProxy */;
		};
/* End PBXTargetDependency section */

/* Begin PBXVariantGroup section */
		3F23C4E62BF1A3630028A52E /* LaunchScreen.storyboard */ = {
			isa = PBXVariantGroup;
			children = (
				3F23C4E72BF1A3630028A52E /* Base */,
			);
			name = LaunchScreen.storyboard;
			sourceTree = "<group>";
		};
/* End PBXVariantGroup section */

/* Begin XCBuildConfiguration section */
		3F23C5002BF1A3630028A52E /* Debug */ = {
			isa = XCBuildConfiguration;
			buildSettings = {
				ALWAYS_SEARCH_USER_PATHS = NO;
				ASSETCATALOG_COMPILER_GENERATE_SWIFT_ASSET_SYMBOL_EXTENSIONS = YES;
				CLANG_ANALYZER_NONNULL = YES;
				CLANG_ANALYZER_NUMBER_OBJECT_CONVERSION = YES_AGGRESSIVE;
				CLANG_CXX_LANGUAGE_STANDARD = "gnu++20";
				CLANG_ENABLE_MODULES = YES;
				CLANG_ENABLE_OBJC_ARC = YES;
				CLANG_ENABLE_OBJC_WEAK = YES;
				CLANG_WARN_BLOCK_CAPTURE_AUTORELEASING = YES;
				CLANG_WARN_BOOL_CONVERSION = YES;
				CLANG_WARN_COMMA = YES;
				CLANG_WARN_CONSTANT_CONVERSION = YES;
				CLANG_WARN_DEPRECATED_OBJC_IMPLEMENTATIONS = YES;
				CLANG_WARN_DIRECT_OBJC_ISA_USAGE = YES_ERROR;
				CLANG_WARN_DOCUMENTATION_COMMENTS = YES;
				CLANG_WARN_EMPTY_BODY = YES;
				CLANG_WARN_ENUM_CONVERSION = YES;
				CLANG_WARN_INFINITE_RECURSION = YES;
				CLANG_WARN_INT_CONVERSION = YES;
				CLANG_WARN_NON_LITERAL_NULL_CONVERSION = YES;
				CLANG_WARN_OBJC_IMPLICIT_RETAIN_SELF = YES;
				CLANG_WARN_OBJC_LITERAL_CONVERSION = YES;
				CLANG_WARN_OBJC_ROOT_CLASS = YES_ERROR;
				CLANG_WARN_QUOTED_INCLUDE_IN_FRAMEWORK_HEADER = YES;
				CLANG_WARN_RANGE_LOOP_ANALYSIS = YES;
				CLANG_WARN_STRICT_PROTOTYPES = YES;
				CLANG_WARN_SUSPICIOUS_MOVE = YES;
				CLANG_WARN_UNGUARDED_AVAILABILITY = YES_AGGRESSIVE;
				CLANG_WARN_UNREACHABLE_CODE = YES;
				CLANG_WARN__DUPLICATE_METHOD_MATCH = YES;
				COPY_PHASE_STRIP = NO;
				DEBUG_INFORMATION_FORMAT = dwarf;
				ENABLE_STRICT_OBJC_MSGSEND = YES;
				ENABLE_TESTABILITY = YES;
				ENABLE_USER_SCRIPT_SANDBOXING = YES;
				GCC_C_LANGUAGE_STANDARD = gnu17;
				GCC_DYNAMIC_NO_PIC = NO;
				GCC_NO_COMMON_BLOCKS = YES;
				GCC_OPTIMIZATION_LEVEL = 0;
				GCC_PREPROCESSOR_DEFINITIONS = (
					"DEBUG=1",
					"$(inherited)",
				);
				GCC_WARN_64_TO_32_BIT_CONVERSION = YES;
				GCC_WARN_ABOUT_RETURN_TYPE = YES_ERROR;
				GCC_WARN_UNDECLARED_SELECTOR = YES;
				GCC_WARN_UNINITIALIZED_AUTOS = YES_AGGRESSIVE;
				GCC_WARN_UNUSED_FUNCTION = YES;
				GCC_WARN_UNUSED_VARIABLE = YES;
				IPHONEOS_DEPLOYMENT_TARGET = 17.4;
				LOCALIZATION_PREFERS_STRING_CATALOGS = YES;
				MTL_ENABLE_DEBUG_INFO = INCLUDE_SOURCE;
				MTL_FAST_MATH = YES;
				ONLY_ACTIVE_ARCH = YES;
				SDKROOT = iphoneos;
				SWIFT_ACTIVE_COMPILATION_CONDITIONS = "DEBUG $(inherited)";
				SWIFT_OPTIMIZATION_LEVEL = "-Onone";
			};
			name = Debug;
		};
		3F23C5012BF1A3630028A52E /* Release */ = {
			isa = XCBuildConfiguration;
			buildSettings = {
				ALWAYS_SEARCH_USER_PATHS = NO;
				ASSETCATALOG_COMPILER_GENERATE_SWIFT_ASSET_SYMBOL_EXTENSIONS = YES;
				CLANG_ANALYZER_NONNULL = YES;
				CLANG_ANALYZER_NUMBER_OBJECT_CONVERSION = YES_AGGRESSIVE;
				CLANG_CXX_LANGUAGE_STANDARD = "gnu++20";
				CLANG_ENABLE_MODULES = YES;
				CLANG_ENABLE_OBJC_ARC = YES;
				CLANG_ENABLE_OBJC_WEAK = YES;
				CLANG_WARN_BLOCK_CAPTURE_AUTORELEASING = YES;
				CLANG_WARN_BOOL_CONVERSION = YES;
				CLANG_WARN_COMMA = YES;
				CLANG_WARN_CONSTANT_CONVERSION = YES;
				CLANG_WARN_DEPRECATED_OBJC_IMPLEMENTATIONS = YES;
				CLANG_WARN_DIRECT_OBJC_ISA_USAGE = YES_ERROR;
				CLANG_WARN_DOCUMENTATION_COMMENTS = YES;
				CLANG_WARN_EMPTY_BODY = YES;
				CLANG_WARN_ENUM_CONVERSION = YES;
				CLANG_WARN_INFINITE_RECURSION = YES;
				CLANG_WARN_INT_CONVERSION = YES;
				CLANG_WARN_NON_LITERAL_NULL_CONVERSION = YES;
				CLANG_WARN_OBJC_IMPLICIT_RETAIN_SELF = YES;
				CLANG_WARN_OBJC_LITERAL_CONVERSION = YES;
				CLANG_WARN_OBJC_ROOT_CLASS = YES_ERROR;
				CLANG_WARN_QUOTED_INCLUDE_IN_FRAMEWORK_HEADER = YES;
				CLANG_WARN_RANGE_LOOP_ANALYSIS = YES;
				CLANG_WARN_STRICT_PROTOTYPES = YES;
				CLANG_WARN_SUSPICIOUS_MOVE = YES;
				CLANG_WARN_UNGUARDED_AVAILABILITY = YES_AGGRESSIVE;
				CLANG_WARN_UNREACHABLE_CODE = YES;
				CLANG_WARN__DUPLICATE_METHOD_MATCH = YES;
				COPY_PHASE_STRIP = NO;
				DEBUG_INFORMATION_FORMAT = "dwarf-with-dsym";
				ENABLE_NS_ASSERTIONS = NO;
				ENABLE_STRICT_OBJC_MSGSEND = YES;
				ENABLE_USER_SCRIPT_SANDBOXING = YES;
				GCC_C_LANGUAGE_STANDARD = gnu17;
				GCC_NO_COMMON_BLOCKS = YES;
				GCC_WARN_64_TO_32_BIT_CONVERSION = YES;
				GCC_WARN_ABOUT_RETURN_TYPE = YES_ERROR;
				GCC_WARN_UNDECLARED_SELECTOR = YES;
				GCC_WARN_UNINITIALIZED_AUTOS = YES_AGGRESSIVE;
				GCC_WARN_UNUSED_FUNCTION = YES;
				GCC_WARN_UNUSED_VARIABLE = YES;
				IPHONEOS_DEPLOYMENT_TARGET = 17.4;
				LOCALIZATION_PREFERS_STRING_CATALOGS = YES;
				MTL_ENABLE_DEBUG_INFO = NO;
				MTL_FAST_MATH = YES;
				SDKROOT = iphoneos;
				SWIFT_COMPILATION_MODE = wholemodule;
				VALIDATE_PRODUCT = YES;
			};
			name = Release;
		};
		3F23C5032BF1A3630028A52E /* Debug */ = {
			isa = XCBuildConfiguration;
			buildSettings = {
				ASSETCATALOG_COMPILER_APPICON_NAME = AppIcon;
				ASSETCATALOG_COMPILER_GLOBAL_ACCENT_COLOR_NAME = AccentColor;
				CODE_SIGN_STYLE = Automatic;
				CURRENT_PROJECT_VERSION = 1;
				DEVELOPMENT_TEAM = JB9S2XD9E3;
				GENERATE_INFOPLIST_FILE = YES;
				INFOPLIST_FILE = RickAndMortyDex/Info.plist;
				INFOPLIST_KEY_UIApplicationSupportsIndirectInputEvents = YES;
				INFOPLIST_KEY_UILaunchStoryboardName = LaunchScreen;
				INFOPLIST_KEY_UISupportedInterfaceOrientations_iPad = "UIInterfaceOrientationPortrait UIInterfaceOrientationPortraitUpsideDown UIInterfaceOrientationLandscapeLeft UIInterfaceOrientationLandscapeRight";
				INFOPLIST_KEY_UISupportedInterfaceOrientations_iPhone = "UIInterfaceOrientationPortrait UIInterfaceOrientationLandscapeLeft UIInterfaceOrientationLandscapeRight";
				IPHONEOS_DEPLOYMENT_TARGET = 15.0;
				LD_RUNPATH_SEARCH_PATHS = (
					"$(inherited)",
					"@executable_path/Frameworks",
				);
				MARKETING_VERSION = 1.0;
				PRODUCT_BUNDLE_IDENTIFIER = com.sinatech.RickAndMortyDex;
				PRODUCT_NAME = "$(TARGET_NAME)";
				SUPPORTED_PLATFORMS = "iphoneos iphonesimulator";
				SUPPORTS_MACCATALYST = NO;
				SUPPORTS_XR_DESIGNED_FOR_IPHONE_IPAD = NO;
				SWIFT_EMIT_LOC_STRINGS = YES;
				SWIFT_VERSION = 5.0;
				TARGETED_DEVICE_FAMILY = "1,2";
			};
			name = Debug;
		};
		3F23C5042BF1A3630028A52E /* Release */ = {
			isa = XCBuildConfiguration;
			buildSettings = {
				ASSETCATALOG_COMPILER_APPICON_NAME = AppIcon;
				ASSETCATALOG_COMPILER_GLOBAL_ACCENT_COLOR_NAME = AccentColor;
				CODE_SIGN_STYLE = Automatic;
				CURRENT_PROJECT_VERSION = 1;
				DEVELOPMENT_TEAM = JB9S2XD9E3;
				GENERATE_INFOPLIST_FILE = YES;
				INFOPLIST_FILE = RickAndMortyDex/Info.plist;
				INFOPLIST_KEY_UIApplicationSupportsIndirectInputEvents = YES;
				INFOPLIST_KEY_UILaunchStoryboardName = LaunchScreen;
				INFOPLIST_KEY_UISupportedInterfaceOrientations_iPad = "UIInterfaceOrientationPortrait UIInterfaceOrientationPortraitUpsideDown UIInterfaceOrientationLandscapeLeft UIInterfaceOrientationLandscapeRight";
				INFOPLIST_KEY_UISupportedInterfaceOrientations_iPhone = "UIInterfaceOrientationPortrait UIInterfaceOrientationLandscapeLeft UIInterfaceOrientationLandscapeRight";
				IPHONEOS_DEPLOYMENT_TARGET = 15.0;
				LD_RUNPATH_SEARCH_PATHS = (
					"$(inherited)",
					"@executable_path/Frameworks",
				);
				MARKETING_VERSION = 1.0;
				PRODUCT_BUNDLE_IDENTIFIER = com.sinatech.RickAndMortyDex;
				PRODUCT_NAME = "$(TARGET_NAME)";
				SUPPORTED_PLATFORMS = "iphoneos iphonesimulator";
				SUPPORTS_MACCATALYST = NO;
				SUPPORTS_XR_DESIGNED_FOR_IPHONE_IPAD = NO;
				SWIFT_EMIT_LOC_STRINGS = YES;
				SWIFT_VERSION = 5.0;
				TARGETED_DEVICE_FAMILY = "1,2";
			};
			name = Release;
		};
		3F23C5062BF1A3630028A52E /* Debug */ = {
			isa = XCBuildConfiguration;
			buildSettings = {
				ALWAYS_EMBED_SWIFT_STANDARD_LIBRARIES = YES;
				BUNDLE_LOADER = "$(TEST_HOST)";
				CODE_SIGN_STYLE = Automatic;
				CURRENT_PROJECT_VERSION = 1;
				DEVELOPMENT_TEAM = JB9S2XD9E3;
				GENERATE_INFOPLIST_FILE = YES;
				IPHONEOS_DEPLOYMENT_TARGET = 17.4;
				MARKETING_VERSION = 1.0;
				PRODUCT_BUNDLE_IDENTIFIER = com.sinatech.RickAndMortyDexTests;
				PRODUCT_NAME = "$(TARGET_NAME)";
				SWIFT_EMIT_LOC_STRINGS = NO;
				SWIFT_VERSION = 5.0;
				TARGETED_DEVICE_FAMILY = "1,2";
				TEST_HOST = "$(BUILT_PRODUCTS_DIR)/RickAndMortyDex.app/$(BUNDLE_EXECUTABLE_FOLDER_PATH)/RickAndMortyDex";
			};
			name = Debug;
		};
		3F23C5072BF1A3630028A52E /* Release */ = {
			isa = XCBuildConfiguration;
			buildSettings = {
				ALWAYS_EMBED_SWIFT_STANDARD_LIBRARIES = YES;
				BUNDLE_LOADER = "$(TEST_HOST)";
				CODE_SIGN_STYLE = Automatic;
				CURRENT_PROJECT_VERSION = 1;
				DEVELOPMENT_TEAM = JB9S2XD9E3;
				GENERATE_INFOPLIST_FILE = YES;
				IPHONEOS_DEPLOYMENT_TARGET = 17.4;
				MARKETING_VERSION = 1.0;
				PRODUCT_BUNDLE_IDENTIFIER = com.sinatech.RickAndMortyDexTests;
				PRODUCT_NAME = "$(TARGET_NAME)";
				SWIFT_EMIT_LOC_STRINGS = NO;
				SWIFT_VERSION = 5.0;
				TARGETED_DEVICE_FAMILY = "1,2";
				TEST_HOST = "$(BUILT_PRODUCTS_DIR)/RickAndMortyDex.app/$(BUNDLE_EXECUTABLE_FOLDER_PATH)/RickAndMortyDex";
			};
			name = Release;
		};
		3F23C5092BF1A3630028A52E /* Debug */ = {
			isa = XCBuildConfiguration;
			buildSettings = {
				ALWAYS_EMBED_SWIFT_STANDARD_LIBRARIES = YES;
				CODE_SIGN_STYLE = Automatic;
				CURRENT_PROJECT_VERSION = 1;
				DEVELOPMENT_TEAM = JB9S2XD9E3;
				GENERATE_INFOPLIST_FILE = YES;
				MARKETING_VERSION = 1.0;
				PRODUCT_BUNDLE_IDENTIFIER = com.sinatech.RickAndMortyDexUITests;
				PRODUCT_NAME = "$(TARGET_NAME)";
				SWIFT_EMIT_LOC_STRINGS = NO;
				SWIFT_VERSION = 5.0;
				TARGETED_DEVICE_FAMILY = "1,2";
				TEST_TARGET_NAME = RickAndMortyDex;
			};
			name = Debug;
		};
		3F23C50A2BF1A3630028A52E /* Release */ = {
			isa = XCBuildConfiguration;
			buildSettings = {
				ALWAYS_EMBED_SWIFT_STANDARD_LIBRARIES = YES;
				CODE_SIGN_STYLE = Automatic;
				CURRENT_PROJECT_VERSION = 1;
				DEVELOPMENT_TEAM = JB9S2XD9E3;
				GENERATE_INFOPLIST_FILE = YES;
				MARKETING_VERSION = 1.0;
				PRODUCT_BUNDLE_IDENTIFIER = com.sinatech.RickAndMortyDexUITests;
				PRODUCT_NAME = "$(TARGET_NAME)";
				SWIFT_EMIT_LOC_STRINGS = NO;
				SWIFT_VERSION = 5.0;
				TARGETED_DEVICE_FAMILY = "1,2";
				TEST_TARGET_NAME = RickAndMortyDex;
			};
			name = Release;
		};
/* End XCBuildConfiguration section */

/* Begin XCConfigurationList section */
		3F23C4D32BF1A3620028A52E /* Build configuration list for PBXProject "RickAndMortyDex" */ = {
			isa = XCConfigurationList;
			buildConfigurations = (
				3F23C5002BF1A3630028A52E /* Debug */,
				3F23C5012BF1A3630028A52E /* Release */,
			);
			defaultConfigurationIsVisible = 0;
			defaultConfigurationName = Release;
		};
		3F23C5022BF1A3630028A52E /* Build configuration list for PBXNativeTarget "RickAndMortyDex" */ = {
			isa = XCConfigurationList;
			buildConfigurations = (
				3F23C5032BF1A3630028A52E /* Debug */,
				3F23C5042BF1A3630028A52E /* Release */,
			);
			defaultConfigurationIsVisible = 0;
			defaultConfigurationName = Release;
		};
		3F23C5052BF1A3630028A52E /* Build configuration list for PBXNativeTarget "RickAndMortyDexTests" */ = {
			isa = XCConfigurationList;
			buildConfigurations = (
				3F23C5062BF1A3630028A52E /* Debug */,
				3F23C5072BF1A3630028A52E /* Release */,
			);
			defaultConfigurationIsVisible = 0;
			defaultConfigurationName = Release;
		};
		3F23C5082BF1A3630028A52E /* Build configuration list for PBXNativeTarget "RickAndMortyDexUITests" */ = {
			isa = XCConfigurationList;
			buildConfigurations = (
				3F23C5092BF1A3630028A52E /* Debug */,
				3F23C50A2BF1A3630028A52E /* Release */,
			);
			defaultConfigurationIsVisible = 0;
			defaultConfigurationName = Release;
		};
/* End XCConfigurationList section */
	};
	rootObject = 3F23C4D02BF1A3620028A52E /* Project object */;
}
